
Microsoft Visual Studio Solution File, Format Version 12.00
# Visual Studio Version 17
VisualStudioVersion = 17.9.34728.123
MinimumVisualStudioVersion = 10.0.40219.1
Project("{FAE04EC0-301F-11D3-BF4B-00C04F79EFBC}") = "MvcApiClientOAuth", "MvcApiClientOAuth.csproj", "{21CBFBD1-F566-49D4-AFD4-B6B09B347C5B}"
EndProject
Global
	GlobalSection(SolutionConfigurationPlatforms) = preSolution
		Debug|Any CPU = Debug|Any CPU
		Release|Any CPU = Release|Any CPU
	EndGlobalSection
	GlobalSection(ProjectConfigurationPlatforms) = postSolution
		{21CBFBD1-F566-49D4-AFD4-B6B09B347C5B}.Debug|Any CPU.ActiveCfg = Debug|Any CPU
		{21CBFBD1-F566-49D4-AFD4-B6B09B347C5B}.Debug|Any CPU.Build.0 = Debug|Any CPU
		{21CBFBD1-F566-49D4-AFD4-B6B09B347C5B}.Release|Any CPU.ActiveCfg = Release|Any CPU
		{21CBFBD1-F566-49D4-AFD4-B6B09B347C5B}.Release|Any CPU.Build.0 = Release|Any CPU
	EndGlobalSection
	GlobalSection(SolutionProperties) = preSolution
		HideSolutionNode = FALSE
	EndGlobalSection
	GlobalSection(ExtensibilityGlobals) = postSolution
		SolutionGuid = {700E8338-96C9-4FEE-8457-30D2A3195B8F}
	EndGlobalSection
EndGlobal
